{
  "name": "WifiZomaticNetwork",
  "version": "1.0.0",
  "lockfileVersion": 2,
  "requires": true,
  "packages": {
    "": {
      "name": "WifiZomaticNetwork",
      "version": "1.0.0",
      "license": "ISC",
      "dependencies": {
        "dgram": "^1.0.1",
        "node-osc": "^6.1.11"
      }
    },
    "node_modules/binpack": {
      "version": "0.1.0",
      "resolved": "https://registry.npmjs.org/binpack/-/binpack-0.1.0.tgz",
      "integrity": "sha1-vT0JdMPyoERuF99PYLVacqIFqX4="
    },
    "node_modules/dgram": {
      "version": "1.0.1",
      "resolved": "https://registry.npmjs.org/dgram/-/dgram-1.0.1.tgz",
      "integrity": "sha1-N/OyAPgDOl/3WTAwicgc42G2UcM=",
      "deprecated": "npm is holding this package for security reasons. As it's a core Node module, we will not transfer it over to other users. You may safely remove the package from your dependencies."
    },
    "node_modules/node-osc": {
      "version": "6.1.14",
      "resolved": "https://registry.npmjs.org/node-osc/-/node-osc-6.1.14.tgz",
      "integrity": "sha512-TGJ0ll6B//Ys5AnNbltmlM3rvtQ5DSIU/pQlOiJnqnx7FBWCwp9gXzVEODcccuks6HJ/+pjTRNbHKFXfgC9sVQ==",
      "dependencies": {
        "osc-min": "^1.1.1"
      },
      "engines": {
        "node": "^12.22 || ^14.13 || >=16"
      }
    },
    "node_modules/osc-min": {
      "version": "1.1.2",
      "resolved": "https://registry.npmjs.org/osc-min/-/osc-min-1.1.2.tgz",
      "integrity": "sha512-8DbiO8ME85R75stgNVCZtHxB9MNBBNcyy+isNBXrsFeinXGjwNAauvKVmGlfRas5VJWC/mhzIx7spR2gFvWxvg==",
      "dependencies": {
        "binpack": "~0"
      },
      "engines": {
        "node": ">=0.10.0"
      }
    }
  },
  "dependencies": {
    "binpack": {
      "version": "0.1.0",
      "resolved": "https://registry.npmjs.org/binpack/-/binpack-0.1.0.tgz",
      "integrity": "sha1-vT0JdMPyoERuF99PYLVacqIFqX4="
    },
    "dgram": {
      "version": "1.0.1",
      "resolved": "https://registry.npmjs.org/dgram/-/dgram-1.0.1.tgz",
      "integrity": "sha1-N/OyAPgDOl/3WTAwicgc42G2UcM="
    },
    "node-osc": {
      "version": "6.1.14",
      "resolved": "https://registry.npmjs.org/node-osc/-/node-osc-6.1.14.tgz",
      "integrity": "sha512-TGJ0ll6B//Ys5AnNbltmlM3rvtQ5DSIU/pQlOiJnqnx7FBWCwp9gXzVEODcccuks6HJ/+pjTRNbHKFXfgC9sVQ==",
      "requires": {
        "osc-min": "^1.1.1"
      }
    },
    "osc-min": {
      "version": "1.1.2",
      "resolved": "https://registry.npmjs.org/osc-min/-/osc-min-1.1.2.tgz",
      "integrity": "sha512-8DbiO8ME85R75stgNVCZtHxB9MNBBNcyy+isNBXrsFeinXGjwNAauvKVmGlfRas5VJWC/mhzIx7spR2gFvWxvg==",
      "requires": {
        "binpack": "~0"
      }
    }
  }
}
